
Microsoft Visual Studio Solution File, Format Version 12.00
# Visual Studio Version 17
VisualStudioVersion = 17.0.32112.339
MinimumVisualStudioVersion = 10.0.40219.1
Project("{FAE04EC0-301F-11D3-BF4B-00C04F79EFBC}") = "HazelFirstTask", "HazelFirstTask\HazelFirstTask.csproj", "{B3242CF5-16FB-408C-A9A3-3373C04ECDCE}"
EndProject
Global
	GlobalSection(SolutionConfigurationPlatforms) = preSolution
		Debug|Any CPU = Debug|Any CPU
		Release|Any CPU = Release|Any CPU
	EndGlobalSection
	GlobalSection(ProjectConfigurationPlatforms) = postSolution
		{B3242CF5-16FB-408C-A9A3-3373C04ECDCE}.Debug|Any CPU.ActiveCfg = Debug|Any CPU
		{B3242CF5-16FB-408C-A9A3-3373C04ECDCE}.Debug|Any CPU.Build.0 = Debug|Any CPU
		{B3242CF5-16FB-408C-A9A3-3373C04ECDCE}.Release|Any CPU.ActiveCfg = Release|Any CPU
		{B3242CF5-16FB-408C-A9A3-3373C04ECDCE}.Release|Any CPU.Build.0 = Release|Any CPU
	EndGlobalSection
	GlobalSection(SolutionProperties) = preSolution
		HideSolutionNode = FALSE
	EndGlobalSection
	GlobalSection(ExtensibilityGlobals) = postSolution
		SolutionGuid = {F001C179-C139-4EAC-9235-EB2E988A40CF}
	EndGlobalSection
EndGlobal
